
Microsoft Visual Studio Solution File, Format Version 12.00
# Visual Studio Version 17
VisualStudioVersion = 17.8.34330.188
MinimumVisualStudioVersion = 10.0.40219.1
Project("{FAE04EC0-301F-11D3-BF4B-00C04F79EFBC}") = "Algoritma06012024-2", "Algoritma06012024-2\Algoritma06012024-2.csproj", "{EB40BA0E-1292-49B4-BE95-933B3CAD51C7}"
EndProject
Global
	GlobalSection(SolutionConfigurationPlatforms) = preSolution
		Debug|Any CPU = Debug|Any CPU
		Release|Any CPU = Release|Any CPU
	EndGlobalSection
	GlobalSection(ProjectConfigurationPlatforms) = postSolution
		{EB40BA0E-1292-49B4-BE95-933B3CAD51C7}.Debug|Any CPU.ActiveCfg = Debug|Any CPU
		{EB40BA0E-1292-49B4-BE95-933B3CAD51C7}.Debug|Any CPU.Build.0 = Debug|Any CPU
		{EB40BA0E-1292-49B4-BE95-933B3CAD51C7}.Release|Any CPU.ActiveCfg = Release|Any CPU
		{EB40BA0E-1292-49B4-BE95-933B3CAD51C7}.Release|Any CPU.Build.0 = Release|Any CPU
	EndGlobalSection
	GlobalSection(SolutionProperties) = preSolution
		HideSolutionNode = FALSE
	EndGlobalSection
	GlobalSection(ExtensibilityGlobals) = postSolution
		SolutionGuid = {FA4139C6-DBEB-4A76-AD97-EAAAB5EF0142}
	EndGlobalSection
EndGlobal
